
Microsoft Visual Studio Solution File, Format Version 12.00
# Visual Studio Version 16
VisualStudioVersion = 16.0.30611.23
MinimumVisualStudioVersion = 10.0.40219.1
Project("{FAE04EC0-301F-11D3-BF4B-00C04F79EFBC}") = "OOP-Shape", "OOP-Shape\OOP-Shape.csproj", "{AB8740E5-EA9B-4FFD-92D7-F4505963F521}"
EndProject
Global
	GlobalSection(SolutionConfigurationPlatforms) = preSolution
		Debug|Any CPU = Debug|Any CPU
		Release|Any CPU = Release|Any CPU
	EndGlobalSection
	GlobalSection(ProjectConfigurationPlatforms) = postSolution
		{AB8740E5-EA9B-4FFD-92D7-F4505963F521}.Debug|Any CPU.ActiveCfg = Debug|Any CPU
		{AB8740E5-EA9B-4FFD-92D7-F4505963F521}.Debug|Any CPU.Build.0 = Debug|Any CPU
		{AB8740E5-EA9B-4FFD-92D7-F4505963F521}.Release|Any CPU.ActiveCfg = Release|Any CPU
		{AB8740E5-EA9B-4FFD-92D7-F4505963F521}.Release|Any CPU.Build.0 = Release|Any CPU
	EndGlobalSection
	GlobalSection(SolutionProperties) = preSolution
		HideSolutionNode = FALSE
	EndGlobalSection
	GlobalSection(ExtensibilityGlobals) = postSolution
		SolutionGuid = {374B3D5E-2070-4484-9132-E000F0C34EF0}
	EndGlobalSection
EndGlobal
